PODS:
  - Alamofire (5.8.1)
  - ObjectMapper (4.2.0)
  - Realm (10.45.2):
    - Realm/Headers (= 10.45.2)
  - Realm/Headers (10.45.2)
  - RealmSwift (10.45.2):
    - Realm (= 10.45.2)
  - RxCocoa (6.6.0):
    - RxRelay (= 6.6.0)
    - RxSwift (= 6.6.0)
  - RxRelay (6.6.0):
    - RxSwift (= 6.6.0)
  - RxSwift (6.6.0)

DEPENDENCIES:
  - Alamofire (~> 5.4)
  - ObjectMapper (~> 4.2)
  - RealmSwift (~> 10)
  - RxCocoa (= 6.6.0)
  - RxSwift (= 6.6.0)

SPEC REPOS:
  trunk:
    - Alamofire
    - ObjectMapper
    - Realm
    - RealmSwift
    - RxCocoa
    - RxRelay
    - RxSwift

SPEC CHECKSUMS:
  Alamofire: 3ca42e259043ee0dc5c0cdd76c4bc568b8e42af7
  ObjectMapper: 1eb41f610210777375fa806bf161dc39fb832b81
  Realm: bc4fc31783a0b3e355edca05f167f6a49c544dc2
  RealmSwift: 234003b5fdb187c4b439d478662636d62a1f9de0
  RxCocoa: 44a80de90e25b739b5aeaae3c8c371a32e3343cc
  RxRelay: 45eaa5db8ee4fb50e5ebd57deec0159e97fa51e6
  RxSwift: a4b44f7d24599f674deebd1818eab82e58410632

PODFILE CHECKSUM: 706817d2a0e84e3dbb0e392063fcbb30da9cc10f

COCOAPODS: 1.14.3
